
Microsoft Visual Studio Solution File, Format Version 12.00
# Visual Studio Version 17
VisualStudioVersion = 17.1.32414.318
MinimumVisualStudioVersion = 10.0.40219.1
Project("{9A19103F-16F7-4668-BE54-9A1E7A4F7556}") = "TextClassificationWPF", "TextClassificationWPF\TextClassificationWPF.csproj", "{DEC67D15-9894-4DFF-B19F-796DD82BB67A}"
EndProject
Project("{9A19103F-16F7-4668-BE54-9A1E7A4F7556}") = "Test", "Test\Test.csproj", "{60C13D26-A6B8-4E23-8CED-04F38BF8F30D}"
EndProject
Global
	GlobalSection(SolutionConfigurationPlatforms) = preSolution
		Debug|Any CPU = Debug|Any CPU
		Release|Any CPU = Release|Any CPU
	EndGlobalSection
	GlobalSection(ProjectConfigurationPlatforms) = postSolution
		{DEC67D15-9894-4DFF-B19F-796DD82BB67A}.Debug|Any CPU.ActiveCfg = Debug|Any CPU
		{DEC67D15-9894-4DFF-B19F-796DD82BB67A}.Debug|Any CPU.Build.0 = Debug|Any CPU
		{DEC67D15-9894-4DFF-B19F-796DD82BB67A}.Release|Any CPU.ActiveCfg = Release|Any CPU
		{DEC67D15-9894-4DFF-B19F-796DD82BB67A}.Release|Any CPU.Build.0 = Release|Any CPU
		{60C13D26-A6B8-4E23-8CED-04F38BF8F30D}.Debug|Any CPU.ActiveCfg = Debug|Any CPU
		{60C13D26-A6B8-4E23-8CED-04F38BF8F30D}.Debug|Any CPU.Build.0 = Debug|Any CPU
		{60C13D26-A6B8-4E23-8CED-04F38BF8F30D}.Release|Any CPU.ActiveCfg = Release|Any CPU
		{60C13D26-A6B8-4E23-8CED-04F38BF8F30D}.Release|Any CPU.Build.0 = Release|Any CPU
	EndGlobalSection
	GlobalSection(SolutionProperties) = preSolution
		HideSolutionNode = FALSE
	EndGlobalSection
	GlobalSection(ExtensibilityGlobals) = postSolution
		SolutionGuid = {5ECC8F9A-D027-4BDF-80B4-AAB11A515C31}
	EndGlobalSection
EndGlobal
